
Microsoft Visual Studio Solution File, Format Version 12.00
# Visual Studio Version 17
VisualStudioVersion = 17.9.34728.123
MinimumVisualStudioVersion = 10.0.40219.1
Project("{FAE04EC0-301F-11D3-BF4B-00C04F79EFBC}") = "EmployeeManagement", "EmployeeManagement\EmployeeManagement.csproj", "{0BAA1E40-7B76-4D4B-8D96-F9BAB6760ACF}"
EndProject
Project("{FAE04EC0-301F-11D3-BF4B-00C04F79EFBC}") = "EmployeeManagement.Service", "EmployeeManagement.Service\EmployeeManagement.Service.csproj", "{47F86015-C666-4673-AED1-37136D3531E0}"
EndProject
Project("{FAE04EC0-301F-11D3-BF4B-00C04F79EFBC}") = "EmployeeManagement.Data", "EmployeeManagement.Data\EmployeeManagement.Data.csproj", "{9B0A2375-7F21-433A-B98F-57AC804D62FE}"
EndProject
Global
	GlobalSection(SolutionConfigurationPlatforms) = preSolution
		Debug|Any CPU = Debug|Any CPU
		Release|Any CPU = Release|Any CPU
	EndGlobalSection
	GlobalSection(ProjectConfigurationPlatforms) = postSolution
		{0BAA1E40-7B76-4D4B-8D96-F9BAB6760ACF}.Debug|Any CPU.ActiveCfg = Debug|Any CPU
		{0BAA1E40-7B76-4D4B-8D96-F9BAB6760ACF}.Debug|Any CPU.Build.0 = Debug|Any CPU
		{0BAA1E40-7B76-4D4B-8D96-F9BAB6760ACF}.Release|Any CPU.ActiveCfg = Release|Any CPU
		{0BAA1E40-7B76-4D4B-8D96-F9BAB6760ACF}.Release|Any CPU.Build.0 = Release|Any CPU
		{47F86015-C666-4673-AED1-37136D3531E0}.Debug|Any CPU.ActiveCfg = Debug|Any CPU
		{47F86015-C666-4673-AED1-37136D3531E0}.Debug|Any CPU.Build.0 = Debug|Any CPU
		{47F86015-C666-4673-AED1-37136D3531E0}.Release|Any CPU.ActiveCfg = Release|Any CPU
		{47F86015-C666-4673-AED1-37136D3531E0}.Release|Any CPU.Build.0 = Release|Any CPU
		{9B0A2375-7F21-433A-B98F-57AC804D62FE}.Debug|Any CPU.ActiveCfg = Debug|Any CPU
		{9B0A2375-7F21-433A-B98F-57AC804D62FE}.Debug|Any CPU.Build.0 = Debug|Any CPU
		{9B0A2375-7F21-433A-B98F-57AC804D62FE}.Release|Any CPU.ActiveCfg = Release|Any CPU
		{9B0A2375-7F21-433A-B98F-57AC804D62FE}.Release|Any CPU.Build.0 = Release|Any CPU
	EndGlobalSection
	GlobalSection(SolutionProperties) = preSolution
		HideSolutionNode = FALSE
	EndGlobalSection
	GlobalSection(ExtensibilityGlobals) = postSolution
		SolutionGuid = {400ED169-3EF1-42F9-9F05-F54CCD24FE76}
	EndGlobalSection
EndGlobal
